// !$*UTF8*$!
{
	archiveVersion = 1;
	classes = {
	};
	objectVersion = 56;
	objects = {

/* Begin PBXBuildFile section */
		ED9B115D2AAC8E81006D6F34 /* AppDelegate.swift in Sources */ = {isa = PBXBuildFile; fileRef = ED9B115C2AAC8E81006D6F34 /* AppDelegate.swift */; };
		ED9B115F2AAC8E81006D6F34 /* SceneDelegate.swift in Sources */ = {isa = PBXBuildFile; fileRef = ED9B115E2AAC8E81006D6F34 /* SceneDelegate.swift */; };
		ED9B11642AAC8E81006D6F34 /* Main.storyboard in Resources */ = {isa = PBXBuildFile; fileRef = ED9B11622AAC8E81006D6F34 /* Main.storyboard */; };
		ED9B11662AAC8E83006D6F34 /* Assets.xcassets in Resources */ = {isa = PBXBuildFile; fileRef = ED9B11652AAC8E83006D6F34 /* Assets.xcassets */; };
		ED9B11692AAC8E83006D6F34 /* LaunchScreen.storyboard in Resources */ = {isa = PBXBuildFile; fileRef = ED9B11672AAC8E83006D6F34 /* LaunchScreen.storyboard */; };
		ED9B11752AAC8F11006D6F34 /* TaskListViewController.swift in Sources */ = {isa = PBXBuildFile; fileRef = ED9B11742AAC8F11006D6F34 /* TaskListViewController.swift */; };
		ED9B11772AAC8F63006D6F34 /* TasksViewController.swift in Sources */ = {isa = PBXBuildFile; fileRef = ED9B11762AAC8F63006D6F34 /* TasksViewController.swift */; };
		ED9B117A2AAC9029006D6F34 /* TaskList.swift in Sources */ = {isa = PBXBuildFile; fileRef = ED9B11792AAC9029006D6F34 /* TaskList.swift */; };
		ED9B117D2AAC9E0E006D6F34 /* StorageManager.swift in Sources */ = {isa = PBXBuildFile; fileRef = ED9B117C2AAC9E0E006D6F34 /* StorageManager.swift */; };
/* End PBXBuildFile section */

/* Begin PBXFileReference section */
		ED9B11592AAC8E81006D6F34 /* TaskListsRealm.app */ = {isa = PBXFileReference; explicitFileType = wrapper.application; includeInIndex = 0; path = TaskListsRealm.app; sourceTree = BUILT_PRODUCTS_DIR; };
		ED9B115C2AAC8E81006D6F34 /* AppDelegate.swift */ = {isa = PBXFileReference; lastKnownFileType = sourcecode.swift; path = AppDelegate.swift; sourceTree = "<group>"; };
		ED9B115E2AAC8E81006D6F34 /* SceneDelegate.swift */ = {isa = PBXFileReference; lastKnownFileType = sourcecode.swift; path = SceneDelegate.swift; sourceTree = "<group>"; };
		ED9B11632AAC8E81006D6F34 /* Base */ = {isa = PBXFileReference; lastKnownFileType = file.storyboard; name = Base; path = Base.lproj/Main.storyboard; sourceTree = "<group>"; };
		ED9B11652AAC8E83006D6F34 /* Assets.xcassets */ = {isa = PBXFileReference; lastKnownFileType = folder.assetcatalog; path = Assets.xcassets; sourceTree = "<group>"; };
		ED9B11682AAC8E83006D6F34 /* Base */ = {isa = PBXFileReference; lastKnownFileType = file.storyboard; name = Base; path = Base.lproj/LaunchScreen.storyboard; sourceTree = "<group>"; };
		ED9B116A2AAC8E83006D6F34 /* Info.plist */ = {isa = PBXFileReference; lastKnownFileType = text.plist.xml; path = Info.plist; sourceTree = "<group>"; };
		ED9B11742AAC8F11006D6F34 /* TaskListViewController.swift */ = {isa = PBXFileReference; lastKnownFileType = sourcecode.swift; path = TaskListViewController.swift; sourceTree = "<group>"; };
		ED9B11762AAC8F63006D6F34 /* TasksViewController.swift */ = {isa = PBXFileReference; lastKnownFileType = sourcecode.swift; path = TasksViewController.swift; sourceTree = "<group>"; };
		ED9B11792AAC9029006D6F34 /* TaskList.swift */ = {isa = PBXFileReference; lastKnownFileType = sourcecode.swift; path = TaskList.swift; sourceTree = "<group>"; };
		ED9B117C2AAC9E0E006D6F34 /* StorageManager.swift */ = {isa = PBXFileReference; lastKnownFileType = sourcecode.swift; path = StorageManager.swift; sourceTree = "<group>"; };
/* End PBXFileReference section */

/* Begin PBXFrameworksBuildPhase section */
		ED9B11562AAC8E81006D6F34 /* Frameworks */ = {
			isa = PBXFrameworksBuildPhase;
			buildActionMask = 2147483647;
			files = (
			);
			runOnlyForDeploymentPostprocessing = 0;
		};
/* End PBXFrameworksBuildPhase section */

/* Begin PBXGroup section */
		ED9B11502AAC8E81006D6F34 = {
			isa = PBXGroup;
			children = (
				ED9B115B2AAC8E81006D6F34 /* TaskListsRealm */,
				ED9B115A2AAC8E81006D6F34 /* Products */,
			);
			sourceTree = "<group>";
		};
		ED9B115A2AAC8E81006D6F34 /* Products */ = {
			isa = PBXGroup;
			children = (
				ED9B11592AAC8E81006D6F34 /* TaskListsRealm.app */,
			);
			name = Products;
			sourceTree = "<group>";
		};
		ED9B115B2AAC8E81006D6F34 /* TaskListsRealm */ = {
			isa = PBXGroup;
			children = (
				ED9B117B2AAC9DFD006D6F34 /* Services */,
				ED9B11782AAC8FD8006D6F34 /* Models */,
				ED9B11712AAC8EC3006D6F34 /* App */,
				ED9B11722AAC8EDB006D6F34 /* ViewControllers */,
				ED9B11702AAC8EB7006D6F34 /* Storyboards */,
				ED9B11732AAC8EE4006D6F34 /* Resources */,
			);
			path = TaskListsRealm;
			sourceTree = "<group>";
		};
		ED9B11702AAC8EB7006D6F34 /* Storyboards */ = {
			isa = PBXGroup;
			children = (
				ED9B11622AAC8E81006D6F34 /* Main.storyboard */,
				ED9B11672AAC8E83006D6F34 /* LaunchScreen.storyboard */,
			);
			path = Storyboards;
			sourceTree = "<group>";
		};
		ED9B11712AAC8EC3006D6F34 /* App */ = {
			isa = PBXGroup;
			children = (
				ED9B115C2AAC8E81006D6F34 /* AppDelegate.swift */,
				ED9B115E2AAC8E81006D6F34 /* SceneDelegate.swift */,
				ED9B116A2AAC8E83006D6F34 /* Info.plist */,
			);
			path = App;
			sourceTree = "<group>";
		};
		ED9B11722AAC8EDB006D6F34 /* ViewControllers */ = {
			isa = PBXGroup;
			children = (
				ED9B11742AAC8F11006D6F34 /* TaskListViewController.swift */,
				ED9B11762AAC8F63006D6F34 /* TasksViewController.swift */,
			);
			path = ViewControllers;
			sourceTree = "<group>";
		};
		ED9B11732AAC8EE4006D6F34 /* Resources */ = {
			isa = PBXGroup;
			children = (
				ED9B11652AAC8E83006D6F34 /* Assets.xcassets */,
			);
			path = Resources;
			sourceTree = "<group>";
		};
		ED9B11782AAC8FD8006D6F34 /* Models */ = {
			isa = PBXGroup;
			children = (
				ED9B11792AAC9029006D6F34 /* TaskList.swift */,
			);
			path = Models;
			sourceTree = "<group>";
		};
		ED9B117B2AAC9DFD006D6F34 /* Services */ = {
			isa = PBXGroup;
			children = (
				ED9B117C2AAC9E0E006D6F34 /* StorageManager.swift */,
			);
			path = Services;
			sourceTree = "<group>";
		};
/* End PBXGroup section */

/* Begin PBXNativeTarget section */
		ED9B11582AAC8E81006D6F34 /* TaskListsRealm */ = {
			isa = PBXNativeTarget;
			buildConfigurationList = ED9B116D2AAC8E83006D6F34 /* Build configuration list for PBXNativeTarget "TaskListsRealm" */;
			buildPhases = (
				ED9B11552AAC8E81006D6F34 /* Sources */,
				ED9B11562AAC8E81006D6F34 /* Frameworks */,
				ED9B11572AAC8E81006D6F34 /* Resources */,
			);
			buildRules = (
			);
			dependencies = (
			);
			name = TaskListsRealm;
			productName = TaskListsRealm;
			productReference = ED9B11592AAC8E81006D6F34 /* TaskListsRealm.app */;
			productType = "com.apple.product-type.application";
		};
/* End PBXNativeTarget section */

/* Begin PBXProject section */
		ED9B11512AAC8E81006D6F34 /* Project object */ = {
			isa = PBXProject;
			attributes = {
				BuildIndependentTargetsInParallel = 1;
				LastSwiftUpdateCheck = 1430;
				LastUpgradeCheck = 1430;
				TargetAttributes = {
					ED9B11582AAC8E81006D6F34 = {
						CreatedOnToolsVersion = 14.3.1;
					};
				};
			};
			buildConfigurationList = ED9B11542AAC8E81006D6F34 /* Build configuration list for PBXProject "TaskListsRealm" */;
			compatibilityVersion = "Xcode 14.0";
			developmentRegion = en;
			hasScannedForEncodings = 0;
			knownRegions = (
				en,
				Base,
			);
			mainGroup = ED9B11502AAC8E81006D6F34;
			productRefGroup = ED9B115A2AAC8E81006D6F34 /* Products */;
			projectDirPath = "";
			projectRoot = "";
			targets = (
				ED9B11582AAC8E81006D6F34 /* TaskListsRealm */,
			);
		};
/* End PBXProject section */

/* Begin PBXResourcesBuildPhase section */
		ED9B11572AAC8E81006D6F34 /* Resources */ = {
			isa = PBXResourcesBuildPhase;
			buildActionMask = 2147483647;
			files = (
				ED9B11692AAC8E83006D6F34 /* LaunchScreen.storyboard in Resources */,
				ED9B11662AAC8E83006D6F34 /* Assets.xcassets in Resources */,
				ED9B11642AAC8E81006D6F34 /* Main.storyboard in Resources */,
			);
			runOnlyForDeploymentPostprocessing = 0;
		};
/* End PBXResourcesBuildPhase section */

/* Begin PBXSourcesBuildPhase section */
		ED9B11552AAC8E81006D6F34 /* Sources */ = {
			isa = PBXSourcesBuildPhase;
			buildActionMask = 2147483647;
			files = (
				ED9B115D2AAC8E81006D6F34 /* AppDelegate.swift in Sources */,
				ED9B117A2AAC9029006D6F34 /* TaskList.swift in Sources */,
				ED9B11772AAC8F63006D6F34 /* TasksViewController.swift in Sources */,
				ED9B117D2AAC9E0E006D6F34 /* StorageManager.swift in Sources */,
				ED9B115F2AAC8E81006D6F34 /* SceneDelegate.swift in Sources */,
				ED9B11752AAC8F11006D6F34 /* TaskListViewController.swift in Sources */,
			);
			runOnlyForDeploymentPostprocessing = 0;
		};
/* End PBXSourcesBuildPhase section */

/* Begin PBXVariantGroup section */
		ED9B11622AAC8E81006D6F34 /* Main.storyboard */ = {
			isa = PBXVariantGroup;
			children = (
				ED9B11632AAC8E81006D6F34 /* Base */,
			);
			name = Main.storyboard;
			sourceTree = "<group>";
		};
		ED9B11672AAC8E83006D6F34 /* LaunchScreen.storyboard */ = {
			isa = PBXVariantGroup;
			children = (
				ED9B11682AAC8E83006D6F34 /* Base */,
			);
			name = LaunchScreen.storyboard;
			sourceTree = "<group>";
		};
/* End PBXVariantGroup section */

/* Begin XCBuildConfiguration section */
		ED9B116B2AAC8E83006D6F34 /* Debug */ = {
			isa = XCBuildConfiguration;
			buildSettings = {
				ALWAYS_SEARCH_USER_PATHS = NO;
				CLANG_ANALYZER_NONNULL = YES;
				CLANG_ANALYZER_NUMBER_OBJECT_CONVERSION = YES_AGGRESSIVE;
				CLANG_CXX_LANGUAGE_STANDARD = "gnu++20";
				CLANG_ENABLE_MODULES = YES;
				CLANG_ENABLE_OBJC_ARC = YES;
				CLANG_ENABLE_OBJC_WEAK = YES;
				CLANG_WARN_BLOCK_CAPTURE_AUTORELEASING = YES;
				CLANG_WARN_BOOL_CONVERSION = YES;
				CLANG_WARN_COMMA = YES;
				CLANG_WARN_CONSTANT_CONVERSION = YES;
				CLANG_WARN_DEPRECATED_OBJC_IMPLEMENTATIONS = YES;
				CLANG_WARN_DIRECT_OBJC_ISA_USAGE = YES_ERROR;
				CLANG_WARN_DOCUMENTATION_COMMENTS = YES;
				CLANG_WARN_EMPTY_BODY = YES;
				CLANG_WARN_ENUM_CONVERSION = YES;
				CLANG_WARN_INFINITE_RECURSION = YES;
				CLANG_WARN_INT_CONVERSION = YES;
				CLANG_WARN_NON_LITERAL_NULL_CONVERSION = YES;
				CLANG_WARN_OBJC_IMPLICIT_RETAIN_SELF = YES;
				CLANG_WARN_OBJC_LITERAL_CONVERSION = YES;
				CLANG_WARN_OBJC_ROOT_CLASS = YES_ERROR;
				CLANG_WARN_QUOTED_INCLUDE_IN_FRAMEWORK_HEADER = YES;
				CLANG_WARN_RANGE_LOOP_ANALYSIS = YES;
				CLANG_WARN_STRICT_PROTOTYPES = YES;
				CLANG_WARN_SUSPICIOUS_MOVE = YES;
				CLANG_WARN_UNGUARDED_AVAILABILITY = YES_AGGRESSIVE;
				CLANG_WARN_UNREACHABLE_CODE = YES;
				CLANG_WARN__DUPLICATE_METHOD_MATCH = YES;
				COPY_PHASE_STRIP = NO;
				DEBUG_INFORMATION_FORMAT = dwarf;
				ENABLE_STRICT_OBJC_MSGSEND = YES;
				ENABLE_TESTABILITY = YES;
				GCC_C_LANGUAGE_STANDARD = gnu11;
				GCC_DYNAMIC_NO_PIC = NO;
				GCC_NO_COMMON_BLOCKS = YES;
				GCC_OPTIMIZATION_LEVEL = 0;
				GCC_PREPROCESSOR_DEFINITIONS = (
					"DEBUG=1",
					"$(inherited)",
				);
				GCC_WARN_64_TO_32_BIT_CONVERSION = YES;
				GCC_WARN_ABOUT_RETURN_TYPE = YES_ERROR;
				GCC_WARN_UNDECLARED_SELECTOR = YES;
				GCC_WARN_UNINITIALIZED_AUTOS = YES_AGGRESSIVE;
				GCC_WARN_UNUSED_FUNCTION = YES;
				GCC_WARN_UNUSED_VARIABLE = YES;
				IPHONEOS_DEPLOYMENT_TARGET = 16.4;
				MTL_ENABLE_DEBUG_INFO = INCLUDE_SOURCE;
				MTL_FAST_MATH = YES;
				ONLY_ACTIVE_ARCH = YES;
				SDKROOT = iphoneos;
				SWIFT_ACTIVE_COMPILATION_CONDITIONS = DEBUG;
				SWIFT_OPTIMIZATION_LEVEL = "-Onone";
			};
			name = Debug;
		};
		ED9B116C2AAC8E83006D6F34 /* Release */ = {
			isa = XCBuildConfiguration;
			buildSettings = {
				ALWAYS_SEARCH_USER_PATHS = NO;
				CLANG_ANALYZER_NONNULL = YES;
				CLANG_ANALYZER_NUMBER_OBJECT_CONVERSION = YES_AGGRESSIVE;
				CLANG_CXX_LANGUAGE_STANDARD = "gnu++20";
				CLANG_ENABLE_MODULES = YES;
				CLANG_ENABLE_OBJC_ARC = YES;
				CLANG_ENABLE_OBJC_WEAK = YES;
				CLANG_WARN_BLOCK_CAPTURE_AUTORELEASING = YES;
				CLANG_WARN_BOOL_CONVERSION = YES;
				CLANG_WARN_COMMA = YES;
				CLANG_WARN_CONSTANT_CONVERSION = YES;
				CLANG_WARN_DEPRECATED_OBJC_IMPLEMENTATIONS = YES;
				CLANG_WARN_DIRECT_OBJC_ISA_USAGE = YES_ERROR;
				CLANG_WARN_DOCUMENTATION_COMMENTS = YES;
				CLANG_WARN_EMPTY_BODY = YES;
				CLANG_WARN_ENUM_CONVERSION = YES;
				CLANG_WARN_INFINITE_RECURSION = YES;
				CLANG_WARN_INT_CONVERSION = YES;
				CLANG_WARN_NON_LITERAL_NULL_CONVERSION = YES;
				CLANG_WARN_OBJC_IMPLICIT_RETAIN_SELF = YES;
				CLANG_WARN_OBJC_LITERAL_CONVERSION = YES;
				CLANG_WARN_OBJC_ROOT_CLASS = YES_ERROR;
				CLANG_WARN_QUOTED_INCLUDE_IN_FRAMEWORK_HEADER = YES;
				CLANG_WARN_RANGE_LOOP_ANALYSIS = YES;
				CLANG_WARN_STRICT_PROTOTYPES = YES;
				CLANG_WARN_SUSPICIOUS_MOVE = YES;
				CLANG_WARN_UNGUARDED_AVAILABILITY = YES_AGGRESSIVE;
				CLANG_WARN_UNREACHABLE_CODE = YES;
				CLANG_WARN__DUPLICATE_METHOD_MATCH = YES;
				COPY_PHASE_STRIP = NO;
				DEBUG_INFORMATION_FORMAT = "dwarf-with-dsym";
				ENABLE_NS_ASSERTIONS = NO;
				ENABLE_STRICT_OBJC_MSGSEND = YES;
				GCC_C_LANGUAGE_STANDARD = gnu11;
				GCC_NO_COMMON_BLOCKS = YES;
				GCC_WARN_64_TO_32_BIT_CONVERSION = YES;
				GCC_WARN_ABOUT_RETURN_TYPE = YES_ERROR;
				GCC_WARN_UNDECLARED_SELECTOR = YES;
				GCC_WARN_UNINITIALIZED_AUTOS = YES_AGGRESSIVE;
				GCC_WARN_UNUSED_FUNCTION = YES;
				GCC_WARN_UNUSED_VARIABLE = YES;
				IPHONEOS_DEPLOYMENT_TARGET = 16.4;
				MTL_ENABLE_DEBUG_INFO = NO;
				MTL_FAST_MATH = YES;
				SDKROOT = iphoneos;
				SWIFT_COMPILATION_MODE = wholemodule;
				SWIFT_OPTIMIZATION_LEVEL = "-O";
				VALIDATE_PRODUCT = YES;
			};
			name = Release;
		};
		ED9B116E2AAC8E83006D6F34 /* Debug */ = {
			isa = XCBuildConfiguration;
			buildSettings = {
				ASSETCATALOG_COMPILER_APPICON_NAME = AppIcon;
				ASSETCATALOG_COMPILER_GLOBAL_ACCENT_COLOR_NAME = AccentColor;
				CODE_SIGN_STYLE = Automatic;
				CURRENT_PROJECT_VERSION = 1;
				DEVELOPMENT_TEAM = N3Y2L7NT9R;
				GENERATE_INFOPLIST_FILE = YES;
				INFOPLIST_FILE = TaskListsRealm/App/Info.plist;
				INFOPLIST_KEY_UIApplicationSupportsIndirectInputEvents = YES;
				INFOPLIST_KEY_UILaunchStoryboardName = LaunchScreen;
				INFOPLIST_KEY_UIMainStoryboardFile = Main;
				INFOPLIST_KEY_UISupportedInterfaceOrientations_iPad = "UIInterfaceOrientationPortrait UIInterfaceOrientationPortraitUpsideDown UIInterfaceOrientationLandscapeLeft UIInterfaceOrientationLandscapeRight";
				INFOPLIST_KEY_UISupportedInterfaceOrientations_iPhone = "UIInterfaceOrientationPortrait UIInterfaceOrientationLandscapeLeft UIInterfaceOrientationLandscapeRight";
				LD_RUNPATH_SEARCH_PATHS = (
					"$(inherited)",
					"@executable_path/Frameworks",
				);
				MARKETING_VERSION = 1.0;
				PRODUCT_BUNDLE_IDENTIFIER = "Lera-Savchenko.TaskListsRealm";
				PRODUCT_NAME = "$(TARGET_NAME)";
				SWIFT_EMIT_LOC_STRINGS = YES;
				SWIFT_VERSION = 5.0;
				TARGETED_DEVICE_FAMILY = "1,2";
			};
			name = Debug;
		};
		ED9B116F2AAC8E83006D6F34 /* Release */ = {
			isa = XCBuildConfiguration;
			buildSettings = {
				ASSETCATALOG_COMPILER_APPICON_NAME = AppIcon;
				ASSETCATALOG_COMPILER_GLOBAL_ACCENT_COLOR_NAME = AccentColor;
				CODE_SIGN_STYLE = Automatic;
				CURRENT_PROJECT_VERSION = 1;
				DEVELOPMENT_TEAM = N3Y2L7NT9R;
				GENERATE_INFOPLIST_FILE = YES;
				INFOPLIST_FILE = TaskListsRealm/App/Info.plist;
				INFOPLIST_KEY_UIApplicationSupportsIndirectInputEvents = YES;
				INFOPLIST_KEY_UILaunchStoryboardName = LaunchScreen;
				INFOPLIST_KEY_UIMainStoryboardFile = Main;
				INFOPLIST_KEY_UISupportedInterfaceOrientations_iPad = "UIInterfaceOrientationPortrait UIInterfaceOrientationPortraitUpsideDown UIInterfaceOrientationLandscapeLeft UIInterfaceOrientationLandscapeRight";
				INFOPLIST_KEY_UISupportedInterfaceOrientations_iPhone = "UIInterfaceOrientationPortrait UIInterfaceOrientationLandscapeLeft UIInterfaceOrientationLandscapeRight";
				LD_RUNPATH_SEARCH_PATHS = (
					"$(inherited)",
					"@executable_path/Frameworks",
				);
				MARKETING_VERSION = 1.0;
				PRODUCT_BUNDLE_IDENTIFIER = "Lera-Savchenko.TaskListsRealm";
				PRODUCT_NAME = "$(TARGET_NAME)";
				SWIFT_EMIT_LOC_STRINGS = YES;
				SWIFT_VERSION = 5.0;
				TARGETED_DEVICE_FAMILY = "1,2";
			};
			name = Release;
		};
/* End XCBuildConfiguration section */

/* Begin XCConfigurationList section */
		ED9B11542AAC8E81006D6F34 /* Build configuration list for PBXProject "TaskListsRealm" */ = {
			isa = XCConfigurationList;
			buildConfigurations = (
				ED9B116B2AAC8E83006D6F34 /* Debug */,
				ED9B116C2AAC8E83006D6F34 /* Release */,
			);
			defaultConfigurationIsVisible = 0;
			defaultConfigurationName = Release;
		};
		ED9B116D2AAC8E83006D6F34 /* Build configuration list for PBXNativeTarget "TaskListsRealm" */ = {
			isa = XCConfigurationList;
			buildConfigurations = (
				ED9B116E2AAC8E83006D6F34 /* Debug */,
				ED9B116F2AAC8E83006D6F34 /* Release */,
			);
			defaultConfigurationIsVisible = 0;
			defaultConfigurationName = Release;
		};
/* End XCConfigurationList section */
	};
	rootObject = ED9B11512AAC8E81006D6F34 /* Project object */;
}
